
Microsoft Visual Studio Solution File, Format Version 12.00
# Visual Studio Version 17
VisualStudioVersion = 17.1.32421.90
MinimumVisualStudioVersion = 10.0.40219.1
Project("{8BC9CEB8-8B4A-11D0-8D11-00A0C91BC942}") = "server", "server\server.vcxproj", "{E645C70B-62DD-4F73-B15A-C13F6705AC07}"
	ProjectSection(ProjectDependencies) = postProject
		{9072D675-873C-4E9C-9F0E-05EA5A32D5C9} = {9072D675-873C-4E9C-9F0E-05EA5A32D5C9}
	EndProjectSection
EndProject
Project("{8BC9CEB8-8B4A-11D0-8D11-00A0C91BC942}") = "common", "..\common\common\common.vcxproj", "{9072D675-873C-4E9C-9F0E-05EA5A32D5C9}"
EndProject
Project("{8BC9CEB8-8B4A-11D0-8D11-00A0C91BC942}") = "app", "app\app.vcxproj", "{16EF13D2-0349-4BAF-A7B1-770DB088F237}"
	ProjectSection(ProjectDependencies) = postProject
		{E645C70B-62DD-4F73-B15A-C13F6705AC07} = {E645C70B-62DD-4F73-B15A-C13F6705AC07}
		{9072D675-873C-4E9C-9F0E-05EA5A32D5C9} = {9072D675-873C-4E9C-9F0E-05EA5A32D5C9}
	EndProjectSection
EndProject
Project("{8BC9CEB8-8B4A-11D0-8D11-00A0C91BC942}") = "tests", "tests\tests.vcxproj", "{350E0F97-ACD2-41BB-9441-CBAD0D229BCC}"
EndProject
Global
	GlobalSection(SolutionConfigurationPlatforms) = preSolution
		Debug|x64 = Debug|x64
		Debug|x86 = Debug|x86
		Release|x64 = Release|x64
		Release|x86 = Release|x86
	EndGlobalSection
	GlobalSection(ProjectConfigurationPlatforms) = postSolution
		{E645C70B-62DD-4F73-B15A-C13F6705AC07}.Debug|x64.ActiveCfg = Debug|x64
		{E645C70B-62DD-4F73-B15A-C13F6705AC07}.Debug|x64.Build.0 = Debug|x64
		{E645C70B-62DD-4F73-B15A-C13F6705AC07}.Debug|x86.ActiveCfg = Debug|Win32
		{E645C70B-62DD-4F73-B15A-C13F6705AC07}.Debug|x86.Build.0 = Debug|Win32
		{E645C70B-62DD-4F73-B15A-C13F6705AC07}.Release|x64.ActiveCfg = Release|x64
		{E645C70B-62DD-4F73-B15A-C13F6705AC07}.Release|x64.Build.0 = Release|x64
		{E645C70B-62DD-4F73-B15A-C13F6705AC07}.Release|x86.ActiveCfg = Release|Win32
		{E645C70B-62DD-4F73-B15A-C13F6705AC07}.Release|x86.Build.0 = Release|Win32
		{9072D675-873C-4E9C-9F0E-05EA5A32D5C9}.Debug|x64.ActiveCfg = Debug|x64
		{9072D675-873C-4E9C-9F0E-05EA5A32D5C9}.Debug|x64.Build.0 = Debug|x64
		{9072D675-873C-4E9C-9F0E-05EA5A32D5C9}.Debug|x86.ActiveCfg = Debug|Win32
		{9072D675-873C-4E9C-9F0E-05EA5A32D5C9}.Debug|x86.Build.0 = Debug|Win32
		{9072D675-873C-4E9C-9F0E-05EA5A32D5C9}.Release|x64.ActiveCfg = Release|x64
		{9072D675-873C-4E9C-9F0E-05EA5A32D5C9}.Release|x64.Build.0 = Release|x64
		{9072D675-873C-4E9C-9F0E-05EA5A32D5C9}.Release|x86.ActiveCfg = Release|Win32
		{9072D675-873C-4E9C-9F0E-05EA5A32D5C9}.Release|x86.Build.0 = Release|Win32
		{16EF13D2-0349-4BAF-A7B1-770DB088F237}.Debug|x64.ActiveCfg = Debug|x64
		{16EF13D2-0349-4BAF-A7B1-770DB088F237}.Debug|x64.Build.0 = Debug|x64
		{16EF13D2-0349-4BAF-A7B1-770DB088F237}.Debug|x86.ActiveCfg = Debug|Win32
		{16EF13D2-0349-4BAF-A7B1-770DB088F237}.Debug|x86.Build.0 = Debug|Win32
		{16EF13D2-0349-4BAF-A7B1-770DB088F237}.Release|x64.ActiveCfg = Release|x64
		{16EF13D2-0349-4BAF-A7B1-770DB088F237}.Release|x64.Build.0 = Release|x64
		{16EF13D2-0349-4BAF-A7B1-770DB088F237}.Release|x86.ActiveCfg = Release|Win32
		{16EF13D2-0349-4BAF-A7B1-770DB088F237}.Release|x86.Build.0 = Release|Win32
		{350E0F97-ACD2-41BB-9441-CBAD0D229BCC}.Debug|x64.ActiveCfg = Debug|x64
		{350E0F97-ACD2-41BB-9441-CBAD0D229BCC}.Debug|x64.Build.0 = Debug|x64
		{350E0F97-ACD2-41BB-9441-CBAD0D229BCC}.Debug|x86.ActiveCfg = Debug|Win32
		{350E0F97-ACD2-41BB-9441-CBAD0D229BCC}.Debug|x86.Build.0 = Debug|Win32
		{350E0F97-ACD2-41BB-9441-CBAD0D229BCC}.Release|x64.ActiveCfg = Release|x64
		{350E0F97-ACD2-41BB-9441-CBAD0D229BCC}.Release|x64.Build.0 = Release|x64
		{350E0F97-ACD2-41BB-9441-CBAD0D229BCC}.Release|x86.ActiveCfg = Release|Win32
		{350E0F97-ACD2-41BB-9441-CBAD0D229BCC}.Release|x86.Build.0 = Release|Win32
	EndGlobalSection
	GlobalSection(SolutionProperties) = preSolution
		HideSolutionNode = FALSE
	EndGlobalSection
	GlobalSection(ExtensibilityGlobals) = postSolution
		SolutionGuid = {446A5243-1E7E-48E4-A062-FB3EE499D316}
	EndGlobalSection
EndGlobal
