<?xml version="1.0" encoding="utf-8"?>
<Project ToolsVersion="4.0" xmlns="http://schemas.microsoft.com/developer/msbuild/2003">
  <ItemGroup>
    <Filter Include="base">
      <UniqueIdentifier>{8a0eb57f-4e6d-4b7a-9fa5-7a1cbee641aa}</UniqueIdentifier>
    </Filter>
    <Filter Include="base\globalWindow">
      <UniqueIdentifier>{2fdde709-b66b-4740-a739-2dab274d309c}</UniqueIdentifier>
    </Filter>
    <Filter Include="mocks">
      <UniqueIdentifier>{5d6d9b05-9d99-47a1-b124-6895445e9ba5}</UniqueIdentifier>
    </Filter>
    <Filter Include="mocks\map">
      <UniqueIdentifier>{01fd0b1f-47a2-430b-b404-72ef012468df}</UniqueIdentifier>
    </Filter>
    <Filter Include="mocks\socket">
      <UniqueIdentifier>{5000a8f9-3759-4c2d-ad99-7ded8fb5be42}</UniqueIdentifier>
    </Filter>
    <Filter Include="mocks\window">
      <UniqueIdentifier>{7b6eaf99-f34d-49d0-aa73-722690ca0afa}</UniqueIdentifier>
    </Filter>
    <Filter Include="tests">
      <UniqueIdentifier>{d77dc17e-98d3-4496-864d-04a03da2c75a}</UniqueIdentifier>
    </Filter>
    <Filter Include="tests\app builds">
      <UniqueIdentifier>{686c5c04-981c-44e6-9dff-c8a7236c7edd}</UniqueIdentifier>
    </Filter>
    <Filter Include="tests\player positions">
      <UniqueIdentifier>{25bb72a4-8230-4d30-b9f8-b1462a268b4c}</UniqueIdentifier>
    </Filter>
    <Filter Include="tests\resources">
      <UniqueIdentifier>{3fda4f22-d96f-45f9-9d2d-a799888827aa}</UniqueIdentifier>
    </Filter>
  </ItemGroup>
  <ItemGroup>
    <ClCompile Include="app builds.cpp">
      <Filter>tests\app builds</Filter>
    </ClCompile>
    <ClCompile Include="globalWindow.cpp">
      <Filter>base\globalWindow</Filter>
    </ClCompile>
    <ClCompile Include="resources1.cpp">
      <Filter>tests\resources</Filter>
    </ClCompile>
    <ClCompile Include="player positions.cpp">
      <Filter>tests\player positions</Filter>
    </ClCompile>
    <ClCompile Include="main.cpp" />
    <ClCompile Include="pch.cpp" />
  </ItemGroup>
  <ItemGroup>
    <ClInclude Include="globalWindow.h">
      <Filter>base\globalWindow</Filter>
    </ClInclude>
    <ClInclude Include="mapMock1.h">
      <Filter>mocks\map</Filter>
    </ClInclude>
    <ClInclude Include="windowMock1.h">
      <Filter>mocks\window</Filter>
    </ClInclude>
    <ClInclude Include="socketMock1.h">
      <Filter>mocks\socket</Filter>
    </ClInclude>
    <ClInclude Include="socketMock2.h">
      <Filter>mocks\socket</Filter>
    </ClInclude>
    <ClInclude Include="pch.h" />
  </ItemGroup>
  <ItemGroup>
    <None Include="packages.config" />
  </ItemGroup>
</Project>