<?xml version="1.0" encoding="utf-8"?>
<Project ToolsVersion="4.0" xmlns="http://schemas.microsoft.com/developer/msbuild/2003">
  <ItemGroup>
    <ClCompile Include="main.cpp" />
    <ClCompile Include="pch.cpp" />
    <ClCompile Include="globalWindow.cpp">
      <Filter>base\globalWindow</Filter>
    </ClCompile>
    <ClCompile Include="app builds.cpp">
      <Filter>tests\app builds</Filter>
    </ClCompile>
    <ClCompile Include="player positions.cpp">
      <Filter>tests\player positions</Filter>
    </ClCompile>
    <ClCompile Include="resources1.cpp">
      <Filter>tests\resources</Filter>
    </ClCompile>
  </ItemGroup>
  <ItemGroup>
    <ClInclude Include="pch.h" />
    <ClInclude Include="globalWindow.h">
      <Filter>base\globalWindow</Filter>
    </ClInclude>
    <ClInclude Include="mapMock1.h">
      <Filter>mocks\map</Filter>
    </ClInclude>
    <ClInclude Include="socketMock1.h">
      <Filter>mocks\socket</Filter>
    </ClInclude>
    <ClInclude Include="windowMock1.h">
      <Filter>mocks\window</Filter>
    </ClInclude>
    <ClInclude Include="socketMock2.h">
      <Filter>mocks\socket</Filter>
    </ClInclude>
  </ItemGroup>
  <ItemGroup>
    <None Include="packages.config" />
  </ItemGroup>
  <ItemGroup>
    <Filter Include="base">
      <UniqueIdentifier>{049947fa-1e6e-4669-9776-d4b2c59b6be9}</UniqueIdentifier>
    </Filter>
    <Filter Include="base\globalWindow">
      <UniqueIdentifier>{bc95c27d-75c9-4503-8e96-5173b60a8f84}</UniqueIdentifier>
    </Filter>
    <Filter Include="tests">
      <UniqueIdentifier>{192bb5ee-47fd-4ab1-a4bd-d274da33d2e0}</UniqueIdentifier>
    </Filter>
    <Filter Include="tests\app builds">
      <UniqueIdentifier>{a917aeb1-f473-4a15-a0a8-625d96ee7ba9}</UniqueIdentifier>
    </Filter>
    <Filter Include="tests\player positions">
      <UniqueIdentifier>{c29005c5-eeb1-410d-bb19-0acf62596308}</UniqueIdentifier>
    </Filter>
    <Filter Include="mocks">
      <UniqueIdentifier>{b4b6b37a-5a9e-48d6-ade8-bac4efc5ef76}</UniqueIdentifier>
    </Filter>
    <Filter Include="mocks\map">
      <UniqueIdentifier>{74e2e7e4-9c5d-4d85-a40f-792ba5f0c22b}</UniqueIdentifier>
    </Filter>
    <Filter Include="mocks\socket">
      <UniqueIdentifier>{39364251-f8cb-4eb0-b34b-71d9c19c38b1}</UniqueIdentifier>
    </Filter>
    <Filter Include="mocks\window">
      <UniqueIdentifier>{4f8a1c88-cda8-47c6-8053-81ca4fd9aedb}</UniqueIdentifier>
    </Filter>
    <Filter Include="tests\resources">
      <UniqueIdentifier>{eabf01ae-c681-4142-8830-59e9d3728155}</UniqueIdentifier>
    </Filter>
  </ItemGroup>
</Project>