<?xml version="1.0" encoding="utf-8"?>
<Project ToolsVersion="4.0" xmlns="http://schemas.microsoft.com/developer/msbuild/2003">
  <ItemGroup>
    <Filter Include="Source Files">
      <UniqueIdentifier>{4FC737F1-C7A5-4376-A066-2A32D752A2FF}</UniqueIdentifier>
      <Extensions>cpp;c;cc;cxx;c++;def;odl;idl;hpj;bat;asm;asmx</Extensions>
    </Filter>
    <Filter Include="Header Files">
      <UniqueIdentifier>{93995380-89BD-4b04-88EB-625FBE52EBFB}</UniqueIdentifier>
      <Extensions>h;hh;hpp;hxx;h++;hm;inl;inc;ipp;xsd</Extensions>
    </Filter>
    <Filter Include="Resource Files">
      <UniqueIdentifier>{67DA6AB6-F800-4c08-8B7A-83BB121AAD01}</UniqueIdentifier>
      <Extensions>rc;ico;cur;bmp;dlg;rc2;rct;bin;rgs;gif;jpg;jpeg;jpe;resx;tiff;tif;png;wav;mfcribbon-ms</Extensions>
    </Filter>
    <Filter Include="Source Files\json">
      <UniqueIdentifier>{76afd48c-6915-47ca-a592-94658b02efa8}</UniqueIdentifier>
    </Filter>
    <Filter Include="Source Files\socket-server">
      <UniqueIdentifier>{994a0ad4-f184-4762-bf31-c0cb35e9cd6c}</UniqueIdentifier>
    </Filter>
  </ItemGroup>
  <ItemGroup>
    <ClCompile Include="json.cpp">
      <Filter>Source Files\json</Filter>
    </ClCompile>
    <ClCompile Include="json-parser.cpp">
      <Filter>Source Files\json</Filter>
    </ClCompile>
    <ClCompile Include="main.cpp">
      <Filter>Source Files</Filter>
    </ClCompile>
  </ItemGroup>
  <ItemGroup>
    <ClInclude Include="json-parser.h">
      <Filter>Source Files\json</Filter>
    </ClInclude>
    <ClInclude Include="json.h">
      <Filter>Source Files\json</Filter>
    </ClInclude>
    <ClInclude Include="json-socket-server.h">
      <Filter>Source Files\socket-server</Filter>
    </ClInclude>
    <ClInclude Include="socket-server.h">
      <Filter>Source Files\socket-server</Filter>
    </ClInclude>
    <ClInclude Include="jsonSocket.h">
      <Filter>Source Files</Filter>
    </ClInclude>
  </ItemGroup>
</Project>