<?xml version="1.0" encoding="utf-8"?>
<Project ToolsVersion="4.0" xmlns="http://schemas.microsoft.com/developer/msbuild/2003">
  <ItemGroup>
    <Filter Include="Source Files">
      <UniqueIdentifier>{4FC737F1-C7A5-4376-A066-2A32D752A2FF}</UniqueIdentifier>
      <Extensions>cpp;c;cc;cxx;c++;def;odl;idl;hpj;bat;asm;asmx</Extensions>
    </Filter>
    <Filter Include="Header Files">
      <UniqueIdentifier>{93995380-89BD-4b04-88EB-625FBE52EBFB}</UniqueIdentifier>
      <Extensions>h;hh;hpp;hxx;h++;hm;inl;inc;ipp;xsd</Extensions>
    </Filter>
    <Filter Include="Resource Files">
      <UniqueIdentifier>{67DA6AB6-F800-4c08-8B7A-83BB121AAD01}</UniqueIdentifier>
      <Extensions>rc;ico;cur;bmp;dlg;rc2;rct;bin;rgs;gif;jpg;jpeg;jpe;resx;tiff;tif;png;wav;mfcribbon-ms</Extensions>
    </Filter>
  </ItemGroup>
  <ItemGroup>
    <ClInclude Include="abstractCamera.h">
      <Filter>Source Files</Filter>
    </ClInclude>
    <ClInclude Include="abstractChat.h">
      <Filter>Source Files</Filter>
    </ClInclude>
    <ClInclude Include="abstractInventory.h">
      <Filter>Source Files</Filter>
    </ClInclude>
    <ClInclude Include="abstractMap.h">
      <Filter>Source Files</Filter>
    </ClInclude>
    <ClInclude Include="abstractMeasures.h">
      <Filter>Source Files</Filter>
    </ClInclude>
    <ClInclude Include="abstractPlayer.h">
      <Filter>Source Files</Filter>
    </ClInclude>
    <ClInclude Include="abstractRenderWindow.h">
      <Filter>Source Files</Filter>
    </ClInclude>
    <ClInclude Include="abstractServiceMacro.h">
      <Filter>Source Files</Filter>
    </ClInclude>
    <ClInclude Include="abstractServiceProvider.h">
      <Filter>Source Files</Filter>
    </ClInclude>
    <ClInclude Include="abstractServices.h">
      <Filter>Source Files</Filter>
    </ClInclude>
    <ClInclude Include="abstractTaskManager.h">
      <Filter>Source Files</Filter>
    </ClInclude>
    <ClInclude Include="app.h">
      <Filter>Source Files</Filter>
    </ClInclude>
    <ClInclude Include="bottomBanner.h">
      <Filter>Source Files</Filter>
    </ClInclude>
    <ClInclude Include="camera.h">
      <Filter>Source Files</Filter>
    </ClInclude>
    <ClInclude Include="chat.h">
      <Filter>Source Files</Filter>
    </ClInclude>
    <ClInclude Include="chatMessage.h">
      <Filter>Source Files</Filter>
    </ClInclude>
    <ClInclude Include="chunk.h">
      <Filter>Source Files</Filter>
    </ClInclude>
    <ClInclude Include="event.h">
      <Filter>Source Files</Filter>
    </ClInclude>
    <ClInclude Include="GameObject.h">
      <Filter>Source Files</Filter>
    </ClInclude>
    <ClInclude Include="gameRessourceObject.h">
      <Filter>Source Files</Filter>
    </ClInclude>
    <ClInclude Include="gameTick.h">
      <Filter>Source Files</Filter>
    </ClInclude>
    <ClInclude Include="groundItem.h">
      <Filter>Source Files</Filter>
    </ClInclude>
    <ClInclude Include="groundObject.h">
      <Filter>Source Files</Filter>
    </ClInclude>
    <ClInclude Include="interactionClickEvent.h">
      <Filter>Source Files</Filter>
    </ClInclude>
    <ClInclude Include="inventory.h">
      <Filter>Source Files</Filter>
    </ClInclude>
    <ClInclude Include="item.h">
      <Filter>Source Files</Filter>
    </ClInclude>
    <ClInclude Include="json.h">
      <Filter>Source Files</Filter>
    </ClInclude>
    <ClInclude Include="json-parser.h">
      <Filter>Source Files</Filter>
    </ClInclude>
    <ClInclude Include="keyPressedEvent.h">
      <Filter>Source Files</Filter>
    </ClInclude>
    <ClInclude Include="map.h">
      <Filter>Source Files</Filter>
    </ClInclude>
    <ClInclude Include="measures.h">
      <Filter>Source Files</Filter>
    </ClInclude>
    <ClInclude Include="minimap.h">
      <Filter>Source Files</Filter>
    </ClInclude>
    <ClInclude Include="mouseEvent.h">
      <Filter>Source Files</Filter>
    </ClInclude>
    <ClInclude Include="mouseLeftClickEvent.h">
      <Filter>Source Files</Filter>
    </ClInclude>
    <ClInclude Include="mouseMiddleClickEvent.h">
      <Filter>Source Files</Filter>
    </ClInclude>
    <ClInclude Include="mouseMoveEvent.h">
      <Filter>Source Files</Filter>
    </ClInclude>
    <ClInclude Include="mouseRightClickEvent.h">
      <Filter>Source Files</Filter>
    </ClInclude>
    <ClInclude Include="mouseWheelEvent.h">
      <Filter>Source Files</Filter>
    </ClInclude>
    <ClInclude Include="movingPredicate.h">
      <Filter>Source Files</Filter>
    </ClInclude>
    <ClInclude Include="NPC.h">
      <Filter>Source Files</Filter>
    </ClInclude>
    <ClInclude Include="pathfinder.h">
      <Filter>Source Files</Filter>
    </ClInclude>
    <ClInclude Include="player.h">
      <Filter>Source Files</Filter>
    </ClInclude>
    <ClInclude Include="resizeEvent.h">
      <Filter>Source Files</Filter>
    </ClInclude>
    <ClInclude Include="rightBanner.h">
      <Filter>Source Files</Filter>
    </ClInclude>
    <ClInclude Include="rightClickInterface.h">
      <Filter>Source Files</Filter>
    </ClInclude>
    <ClInclude Include="rightClickTileEvent.h">
      <Filter>Source Files</Filter>
    </ClInclude>
    <ClInclude Include="service.h">
      <Filter>Source Files</Filter>
    </ClInclude>
    <ClInclude Include="sfRenderWindow.h">
      <Filter>Source Files</Filter>
    </ClInclude>
    <ClInclude Include="splitString.h">
      <Filter>Source Files</Filter>
    </ClInclude>
    <ClInclude Include="taskManager.h">
      <Filter>Source Files</Filter>
    </ClInclude>
    <ClInclude Include="teleportEvent.h">
      <Filter>Source Files</Filter>
    </ClInclude>
    <ClInclude Include="tile.h">
      <Filter>Source Files</Filter>
    </ClInclude>
    <ClInclude Include="Tilemap.h">
      <Filter>Source Files</Filter>
    </ClInclude>
    <ClInclude Include="units.h">
      <Filter>Source Files</Filter>
    </ClInclude>
    <ClInclude Include="VPixelToVTileConverter.h">
      <Filter>Source Files</Filter>
    </ClInclude>
    <ClInclude Include="walkClickEvent.h">
      <Filter>Source Files</Filter>
    </ClInclude>
  </ItemGroup>
  <ItemGroup>
    <ClCompile Include="bottomBanner.cpp">
      <Filter>Source Files</Filter>
    </ClCompile>
    <ClCompile Include="camera.cpp">
      <Filter>Source Files</Filter>
    </ClCompile>
    <ClCompile Include="chat.cpp">
      <Filter>Source Files</Filter>
    </ClCompile>
    <ClCompile Include="chunk.cpp">
      <Filter>Source Files</Filter>
    </ClCompile>
    <ClCompile Include="GameObject.cpp">
      <Filter>Source Files</Filter>
    </ClCompile>
    <ClCompile Include="gameRessourceObject.cpp">
      <Filter>Source Files</Filter>
    </ClCompile>
    <ClCompile Include="groundObject.cpp">
      <Filter>Source Files</Filter>
    </ClCompile>
    <ClCompile Include="interactionClickEvent.cpp">
      <Filter>Source Files</Filter>
    </ClCompile>
    <ClCompile Include="inventory.cpp">
      <Filter>Source Files</Filter>
    </ClCompile>
    <ClCompile Include="item.cpp">
      <Filter>Source Files</Filter>
    </ClCompile>
    <ClCompile Include="json.cpp">
      <Filter>Source Files</Filter>
    </ClCompile>
    <ClCompile Include="json-parser.cpp">
      <Filter>Source Files</Filter>
    </ClCompile>
    <ClCompile Include="keyPressedEvent.cpp">
      <Filter>Source Files</Filter>
    </ClCompile>
    <ClCompile Include="main.cpp">
      <Filter>Source Files</Filter>
    </ClCompile>
    <ClCompile Include="map.cpp">
      <Filter>Source Files</Filter>
    </ClCompile>
    <ClCompile Include="minimap.cpp">
      <Filter>Source Files</Filter>
    </ClCompile>
    <ClCompile Include="mouseLeftClickEvent.cpp">
      <Filter>Source Files</Filter>
    </ClCompile>
    <ClCompile Include="mouseMiddleClickEvencpp.cpp">
      <Filter>Source Files</Filter>
    </ClCompile>
    <ClCompile Include="mouseMoveEvent.cpp">
      <Filter>Source Files</Filter>
    </ClCompile>
    <ClCompile Include="mouseRightClickEvent.cpp">
      <Filter>Source Files</Filter>
    </ClCompile>
    <ClCompile Include="mouseWheelEvent.cpp">
      <Filter>Source Files</Filter>
    </ClCompile>
    <ClCompile Include="player.cpp">
      <Filter>Source Files</Filter>
    </ClCompile>
    <ClCompile Include="resizeEvent.cpp">
      <Filter>Source Files</Filter>
    </ClCompile>
    <ClCompile Include="rightBanner.cpp">
      <Filter>Source Files</Filter>
    </ClCompile>
    <ClCompile Include="rightClickInterface.cpp">
      <Filter>Source Files</Filter>
    </ClCompile>
    <ClCompile Include="rightClickTileEvent.cpp">
      <Filter>Source Files</Filter>
    </ClCompile>
    <ClCompile Include="sfRenderWindow.cpp">
      <Filter>Source Files</Filter>
    </ClCompile>
    <ClCompile Include="splitString.cpp">
      <Filter>Source Files</Filter>
    </ClCompile>
    <ClCompile Include="taskManager.cpp">
      <Filter>Source Files</Filter>
    </ClCompile>
    <ClCompile Include="teleportEvent.cpp">
      <Filter>Source Files</Filter>
    </ClCompile>
    <ClCompile Include="tile.cpp">
      <Filter>Source Files</Filter>
    </ClCompile>
    <ClCompile Include="units.cpp">
      <Filter>Source Files</Filter>
    </ClCompile>
    <ClCompile Include="walkClickEvent.cpp">
      <Filter>Source Files</Filter>
    </ClCompile>
  </ItemGroup>
</Project>